<Solution>
  <Folder Name="/src/" />
  <Folder Name="/src/Gateway/">
    <Project Path="src/Gateway/ApiGateway/ApiGateway.csproj" />
  </Folder>
  <Folder Name="/src/Services/">
    <Project Path="src/Services/ArtworkService/ArtworkService.csproj" />
    <Project Path="src/Services/IdentityService/IdentityService.csproj" />
    <Project Path="src/Services/LogisticsService/LogisticsService.csproj" />
    <Project Path="src/Services/NotificationService/NotificationService.csproj" />
    <Project Path="src/Services/OrderService/OrderService.csproj" />
    <Project Path="src/Services/PaymentService/PaymentService.csproj" />
  </Folder>
  <Folder Name="/src/Shared/">
    <Project Path="src/Shared/Artistic_Sisters.Shared/Artistic_Sisters.Shared.csproj" />
  </Folder>
</Solution>
